// !$*UTF8*$!
{
	archiveVersion = 1;
	classes = {
	};
	objectVersion = 56;
	objects = {

/* Begin PBXBuildFile section */
		14D9F3822AF296D700E21776 /* AppDelegate.swift in Sources */ = {isa = PBXBuildFile; fileRef = 14D9F3812AF296D700E21776 /* AppDelegate.swift */; };
		14D9F3842AF296D700E21776 /* SceneDelegate.swift in Sources */ = {isa = PBXBuildFile; fileRef = 14D9F3832AF296D700E21776 /* SceneDelegate.swift */; };
		14D9F3862AF296D700E21776 /* ViewController.swift in Sources */ = {isa = PBXBuildFile; fileRef = 14D9F3852AF296D700E21776 /* ViewController.swift */; };
		14D9F3892AF296D700E21776 /* Main.storyboard in Resources */ = {isa = PBXBuildFile; fileRef = 14D9F3872AF296D700E21776 /* Main.storyboard */; };
		14D9F38C2AF296D700E21776 /* ShoppingListProgramStajila.xcdatamodeld in Sources */ = {isa = PBXBuildFile; fileRef = 14D9F38A2AF296D700E21776 /* ShoppingListProgramStajila.xcdatamodeld */; };
		14D9F38E2AF296D900E21776 /* Assets.xcassets in Resources */ = {isa = PBXBuildFile; fileRef = 14D9F38D2AF296D900E21776 /* Assets.xcassets */; };
		14D9F3912AF296D900E21776 /* LaunchScreen.storyboard in Resources */ = {isa = PBXBuildFile; fileRef = 14D9F38F2AF296D900E21776 /* LaunchScreen.storyboard */; };
		14D9F39C2AF296D900E21776 /* ShoppingListProgramStajilaTests.swift in Sources */ = {isa = PBXBuildFile; fileRef = 14D9F39B2AF296D900E21776 /* ShoppingListProgramStajilaTests.swift */; };
		14D9F3A62AF296D900E21776 /* ShoppingListProgramStajilaUITests.swift in Sources */ = {isa = PBXBuildFile; fileRef = 14D9F3A52AF296D900E21776 /* ShoppingListProgramStajilaUITests.swift */; };
		14D9F3A82AF296D900E21776 /* ShoppingListProgramStajilaUITestsLaunchTests.swift in Sources */ = {isa = PBXBuildFile; fileRef = 14D9F3A72AF296D900E21776 /* ShoppingListProgramStajilaUITestsLaunchTests.swift */; };
/* End PBXBuildFile section */

/* Begin PBXContainerItemProxy section */
		14D9F3982AF296D900E21776 /* PBXContainerItemProxy */ = {
			isa = PBXContainerItemProxy;
			containerPortal = 14D9F3762AF296D700E21776 /* Project object */;
			proxyType = 1;
			remoteGlobalIDString = 14D9F37D2AF296D700E21776;
			remoteInfo = ShoppingListProgramStajila;
		};
		14D9F3A22AF296D900E21776 /* PBXContainerItemProxy */ = {
			isa = PBXContainerItemProxy;
			containerPortal = 14D9F3762AF296D700E21776 /* Project object */;
			proxyType = 1;
			remoteGlobalIDString = 14D9F37D2AF296D700E21776;
			remoteInfo = ShoppingListProgramStajila;
		};
/* End PBXContainerItemProxy section */

/* Begin PBXFileReference section */
		14D9F37E2AF296D700E21776 /* ShoppingListProgramStajila.app */ = {isa = PBXFileReference; explicitFileType = wrapper.application; includeInIndex = 0; path = ShoppingListProgramStajila.app; sourceTree = BUILT_PRODUCTS_DIR; };
		14D9F3812AF296D700E21776 /* AppDelegate.swift */ = {isa = PBXFileReference; lastKnownFileType = sourcecode.swift; path = AppDelegate.swift; sourceTree = "<group>"; };
		14D9F3832AF296D700E21776 /* SceneDelegate.swift */ = {isa = PBXFileReference; lastKnownFileType = sourcecode.swift; path = SceneDelegate.swift; sourceTree = "<group>"; };
		14D9F3852AF296D700E21776 /* ViewController.swift */ = {isa = PBXFileReference; lastKnownFileType = sourcecode.swift; path = ViewController.swift; sourceTree = "<group>"; };
		14D9F3882AF296D700E21776 /* Base */ = {isa = PBXFileReference; lastKnownFileType = file.storyboard; name = Base; path = Base.lproj/Main.storyboard; sourceTree = "<group>"; };
		14D9F38B2AF296D700E21776 /* ShoppingListProgramStajila.xcdatamodel */ = {isa = PBXFileReference; lastKnownFileType = wrapper.xcdatamodel; path = ShoppingListProgramStajila.xcdatamodel; sourceTree = "<group>"; };
		14D9F38D2AF296D900E21776 /* Assets.xcassets */ = {isa = PBXFileReference; lastKnownFileType = folder.assetcatalog; path = Assets.xcassets; sourceTree = "<group>"; };
		14D9F3902AF296D900E21776 /* Base */ = {isa = PBXFileReference; lastKnownFileType = file.storyboard; name = Base; path = Base.lproj/LaunchScreen.storyboard; sourceTree = "<group>"; };
		14D9F3922AF296D900E21776 /* Info.plist */ = {isa = PBXFileReference; lastKnownFileType = text.plist.xml; path = Info.plist; sourceTree = "<group>"; };
		14D9F3972AF296D900E21776 /* ShoppingListProgramStajilaTests.xctest */ = {isa = PBXFileReference; explicitFileType = wrapper.cfbundle; includeInIndex = 0; path = ShoppingListProgramStajilaTests.xctest; sourceTree = BUILT_PRODUCTS_DIR; };
		14D9F39B2AF296D900E21776 /* ShoppingListProgramStajilaTests.swift */ = {isa = PBXFileReference; lastKnownFileType = sourcecode.swift; path = ShoppingListProgramStajilaTests.swift; sourceTree = "<group>"; };
		14D9F3A12AF296D900E21776 /* ShoppingListProgramStajilaUITests.xctest */ = {isa = PBXFileReference; explicitFileType = wrapper.cfbundle; includeInIndex = 0; path = ShoppingListProgramStajilaUITests.xctest; sourceTree = BUILT_PRODUCTS_DIR; };
		14D9F3A52AF296D900E21776 /* ShoppingListProgramStajilaUITests.swift */ = {isa = PBXFileReference; lastKnownFileType = sourcecode.swift; path = ShoppingListProgramStajilaUITests.swift; sourceTree = "<group>"; };
		14D9F3A72AF296D900E21776 /* ShoppingListProgramStajilaUITestsLaunchTests.swift */ = {isa = PBXFileReference; lastKnownFileType = sourcecode.swift; path = ShoppingListProgramStajilaUITestsLaunchTests.swift; sourceTree = "<group>"; };
/* End PBXFileReference section */

/* Begin PBXFrameworksBuildPhase section */
		14D9F37B2AF296D700E21776 /* Frameworks */ = {
			isa = PBXFrameworksBuildPhase;
			buildActionMask = 2147483647;
			files = (
			);
			runOnlyForDeploymentPostprocessing = 0;
		};
		14D9F3942AF296D900E21776 /* Frameworks */ = {
			isa = PBXFrameworksBuildPhase;
			buildActionMask = 2147483647;
			files = (
			);
			runOnlyForDeploymentPostprocessing = 0;
		};
		14D9F39E2AF296D900E21776 /* Frameworks */ = {
			isa = PBXFrameworksBuildPhase;
			buildActionMask = 2147483647;
			files = (
			);
			runOnlyForDeploymentPostprocessing = 0;
		};
/* End PBXFrameworksBuildPhase section */

/* Begin PBXGroup section */
		14D9F3752AF296D700E21776 = {
			isa = PBXGroup;
			children = (
				14D9F3802AF296D700E21776 /* ShoppingListProgramStajila */,
				14D9F39A2AF296D900E21776 /* ShoppingListProgramStajilaTests */,
				14D9F3A42AF296D900E21776 /* ShoppingListProgramStajilaUITests */,
				14D9F37F2AF296D700E21776 /* Products */,
			);
			sourceTree = "<group>";
		};
		14D9F37F2AF296D700E21776 /* Products */ = {
			isa = PBXGroup;
			children = (
				14D9F37E2AF296D700E21776 /* ShoppingListProgramStajila.app */,
				14D9F3972AF296D900E21776 /* ShoppingListProgramStajilaTests.xctest */,
				14D9F3A12AF296D900E21776 /* ShoppingListProgramStajilaUITests.xctest */,
			);
			name = Products;
			sourceTree = "<group>";
		};
		14D9F3802AF296D700E21776 /* ShoppingListProgramStajila */ = {
			isa = PBXGroup;
			children = (
				14D9F3812AF296D700E21776 /* AppDelegate.swift */,
				14D9F3832AF296D700E21776 /* SceneDelegate.swift */,
				14D9F3852AF296D700E21776 /* ViewController.swift */,
				14D9F3872AF296D700E21776 /* Main.storyboard */,
				14D9F38D2AF296D900E21776 /* Assets.xcassets */,
				14D9F38F2AF296D900E21776 /* LaunchScreen.storyboard */,
				14D9F3922AF296D900E21776 /* Info.plist */,
				14D9F38A2AF296D700E21776 /* ShoppingListProgramStajila.xcdatamodeld */,
			);
			path = ShoppingListProgramStajila;
			sourceTree = "<group>";
		};
		14D9F39A2AF296D900E21776 /* ShoppingListProgramStajilaTests */ = {
			isa = PBXGroup;
			children = (
				14D9F39B2AF296D900E21776 /* ShoppingListProgramStajilaTests.swift */,
			);
			path = ShoppingListProgramStajilaTests;
			sourceTree = "<group>";
		};
		14D9F3A42AF296D900E21776 /* ShoppingListProgramStajilaUITests */ = {
			isa = PBXGroup;
			children = (
				14D9F3A52AF296D900E21776 /* ShoppingListProgramStajilaUITests.swift */,
				14D9F3A72AF296D900E21776 /* ShoppingListProgramStajilaUITestsLaunchTests.swift */,
			);
			path = ShoppingListProgramStajilaUITests;
			sourceTree = "<group>";
		};
/* End PBXGroup section */

/* Begin PBXNativeTarget section */
		14D9F37D2AF296D700E21776 /* ShoppingListProgramStajila */ = {
			isa = PBXNativeTarget;
			buildConfigurationList = 14D9F3AB2AF296D900E21776 /* Build configuration list for PBXNativeTarget "ShoppingListProgramStajila" */;
			buildPhases = (
				14D9F37A2AF296D700E21776 /* Sources */,
				14D9F37B2AF296D700E21776 /* Frameworks */,
				14D9F37C2AF296D700E21776 /* Resources */,
			);
			buildRules = (
			);
			dependencies = (
			);
			name = ShoppingListProgramStajila;
			productName = ShoppingListProgramStajila;
			productReference = 14D9F37E2AF296D700E21776 /* ShoppingListProgramStajila.app */;
			productType = "com.apple.product-type.application";
		};
		14D9F3962AF296D900E21776 /* ShoppingListProgramStajilaTests */ = {
			isa = PBXNativeTarget;
			buildConfigurationList = 14D9F3AE2AF296D900E21776 /* Build configuration list for PBXNativeTarget "ShoppingListProgramStajilaTests" */;
			buildPhases = (
				14D9F3932AF296D900E21776 /* Sources */,
				14D9F3942AF296D900E21776 /* Frameworks */,
				14D9F3952AF296D900E21776 /* Resources */,
			);
			buildRules = (
			);
			dependencies = (
				14D9F3992AF296D900E21776 /* PBXTargetDependency */,
			);
			name = ShoppingListProgramStajilaTests;
			productName = ShoppingListProgramStajilaTests;
			productReference = 14D9F3972AF296D900E21776 /* ShoppingListProgramStajilaTests.xctest */;
			productType = "com.apple.product-type.bundle.unit-test";
		};
		14D9F3A02AF296D900E21776 /* ShoppingListProgramStajilaUITests */ = {
			isa = PBXNativeTarget;
			buildConfigurationList = 14D9F3B12AF296D900E21776 /* Build configuration list for PBXNativeTarget "ShoppingListProgramStajilaUITests" */;
			buildPhases = (
				14D9F39D2AF296D900E21776 /* Sources */,
				14D9F39E2AF296D900E21776 /* Frameworks */,
				14D9F39F2AF296D900E21776 /* Resources */,
			);
			buildRules = (
			);
			dependencies = (
				14D9F3A32AF296D900E21776 /* PBXTargetDependency */,
			);
			name = ShoppingListProgramStajilaUITests;
			productName = ShoppingListProgramStajilaUITests;
			productReference = 14D9F3A12AF296D900E21776 /* ShoppingListProgramStajilaUITests.xctest */;
			productType = "com.apple.product-type.bundle.ui-testing";
		};
/* End PBXNativeTarget section */

/* Begin PBXProject section */
		14D9F3762AF296D700E21776 /* Project object */ = {
			isa = PBXProject;
			attributes = {
				BuildIndependentTargetsInParallel = 1;
				LastSwiftUpdateCheck = 1430;
				LastUpgradeCheck = 1430;
				TargetAttributes = {
					14D9F37D2AF296D700E21776 = {
						CreatedOnToolsVersion = 14.3.1;
					};
					14D9F3962AF296D900E21776 = {
						CreatedOnToolsVersion = 14.3.1;
						TestTargetID = 14D9F37D2AF296D700E21776;
					};
					14D9F3A02AF296D900E21776 = {
						CreatedOnToolsVersion = 14.3.1;
						TestTargetID = 14D9F37D2AF296D700E21776;
					};
				};
			};
			buildConfigurationList = 14D9F3792AF296D700E21776 /* Build configuration list for PBXProject "ShoppingListProgramStajila" */;
			compatibilityVersion = "Xcode 14.0";
			developmentRegion = en;
			hasScannedForEncodings = 0;
			knownRegions = (
				en,
				Base,
			);
			mainGroup = 14D9F3752AF296D700E21776;
			productRefGroup = 14D9F37F2AF296D700E21776 /* Products */;
			projectDirPath = "";
			projectRoot = "";
			targets = (
				14D9F37D2AF296D700E21776 /* ShoppingListProgramStajila */,
				14D9F3962AF296D900E21776 /* ShoppingListProgramStajilaTests */,
				14D9F3A02AF296D900E21776 /* ShoppingListProgramStajilaUITests */,
			);
		};
/* End PBXProject section */

/* Begin PBXResourcesBuildPhase section */
		14D9F37C2AF296D700E21776 /* Resources */ = {
			isa = PBXResourcesBuildPhase;
			buildActionMask = 2147483647;
			files = (
				14D9F3912AF296D900E21776 /* LaunchScreen.storyboard in Resources */,
				14D9F38E2AF296D900E21776 /* Assets.xcassets in Resources */,
				14D9F3892AF296D700E21776 /* Main.storyboard in Resources */,
			);
			runOnlyForDeploymentPostprocessing = 0;
		};
		14D9F3952AF296D900E21776 /* Resources */ = {
			isa = PBXResourcesBuildPhase;
			buildActionMask = 2147483647;
			files = (
			);
			runOnlyForDeploymentPostprocessing = 0;
		};
		14D9F39F2AF296D900E21776 /* Resources */ = {
			isa = PBXResourcesBuildPhase;
			buildActionMask = 2147483647;
			files = (
			);
			runOnlyForDeploymentPostprocessing = 0;
		};
/* End PBXResourcesBuildPhase section */

/* Begin PBXSourcesBuildPhase section */
		14D9F37A2AF296D700E21776 /* Sources */ = {
			isa = PBXSourcesBuildPhase;
			buildActionMask = 2147483647;
			files = (
				14D9F3862AF296D700E21776 /* ViewController.swift in Sources */,
				14D9F3822AF296D700E21776 /* AppDelegate.swift in Sources */,
				14D9F3842AF296D700E21776 /* SceneDelegate.swift in Sources */,
				14D9F38C2AF296D700E21776 /* ShoppingListProgramStajila.xcdatamodeld in Sources */,
			);
			runOnlyForDeploymentPostprocessing = 0;
		};
		14D9F3932AF296D900E21776 /* Sources */ = {
			isa = PBXSourcesBuildPhase;
			buildActionMask = 2147483647;
			files = (
				14D9F39C2AF296D900E21776 /* ShoppingListProgramStajilaTests.swift in Sources */,
			);
			runOnlyForDeploymentPostprocessing = 0;
		};
		14D9F39D2AF296D900E21776 /* Sources */ = {
			isa = PBXSourcesBuildPhase;
			buildActionMask = 2147483647;
			files = (
				14D9F3A82AF296D900E21776 /* ShoppingListProgramStajilaUITestsLaunchTests.swift in Sources */,
				14D9F3A62AF296D900E21776 /* ShoppingListProgramStajilaUITests.swift in Sources */,
			);
			runOnlyForDeploymentPostprocessing = 0;
		};
/* End PBXSourcesBuildPhase section */

/* Begin PBXTargetDependency section */
		14D9F3992AF296D900E21776 /* PBXTargetDependency */ = {
			isa = PBXTargetDependency;
			target = 14D9F37D2AF296D700E21776 /* ShoppingListProgramStajila */;
			targetProxy = 14D9F3982AF296D900E21776 /* PBXContainerItemProxy */;
		};
		14D9F3A32AF296D900E21776 /* PBXTargetDependency */ = {
			isa = PBXTargetDependency;
			target = 14D9F37D2AF296D700E21776 /* ShoppingListProgramStajila */;
			targetProxy = 14D9F3A22AF296D900E21776 /* PBXContainerItemProxy */;
		};
/* End PBXTargetDependency section */

/* Begin PBXVariantGroup section */
		14D9F3872AF296D700E21776 /* Main.storyboard */ = {
			isa = PBXVariantGroup;
			children = (
				14D9F3882AF296D700E21776 /* Base */,
			);
			name = Main.storyboard;
			sourceTree = "<group>";
		};
		14D9F38F2AF296D900E21776 /* LaunchScreen.storyboard */ = {
			isa = PBXVariantGroup;
			children = (
				14D9F3902AF296D900E21776 /* Base */,
			);
			name = LaunchScreen.storyboard;
			sourceTree = "<group>";
		};
/* End PBXVariantGroup section */

/* Begin XCBuildConfiguration section */
		14D9F3A92AF296D900E21776 /* Debug */ = {
			isa = XCBuildConfiguration;
			buildSettings = {
				ALWAYS_SEARCH_USER_PATHS = NO;
				CLANG_ANALYZER_NONNULL = YES;
				CLANG_ANALYZER_NUMBER_OBJECT_CONVERSION = YES_AGGRESSIVE;
				CLANG_CXX_LANGUAGE_STANDARD = "gnu++20";
				CLANG_ENABLE_MODULES = YES;
				CLANG_ENABLE_OBJC_ARC = YES;
				CLANG_ENABLE_OBJC_WEAK = YES;
				CLANG_WARN_BLOCK_CAPTURE_AUTORELEASING = YES;
				CLANG_WARN_BOOL_CONVERSION = YES;
				CLANG_WARN_COMMA = YES;
				CLANG_WARN_CONSTANT_CONVERSION = YES;
				CLANG_WARN_DEPRECATED_OBJC_IMPLEMENTATIONS = YES;
				CLANG_WARN_DIRECT_OBJC_ISA_USAGE = YES_ERROR;
				CLANG_WARN_DOCUMENTATION_COMMENTS = YES;
				CLANG_WARN_EMPTY_BODY = YES;
				CLANG_WARN_ENUM_CONVERSION = YES;
				CLANG_WARN_INFINITE_RECURSION = YES;
				CLANG_WARN_INT_CONVERSION = YES;
				CLANG_WARN_NON_LITERAL_NULL_CONVERSION = YES;
				CLANG_WARN_OBJC_IMPLICIT_RETAIN_SELF = YES;
				CLANG_WARN_OBJC_LITERAL_CONVERSION = YES;
				CLANG_WARN_OBJC_ROOT_CLASS = YES_ERROR;
				CLANG_WARN_QUOTED_INCLUDE_IN_FRAMEWORK_HEADER = YES;
				CLANG_WARN_RANGE_LOOP_ANALYSIS = YES;
				CLANG_WARN_STRICT_PROTOTYPES = YES;
				CLANG_WARN_SUSPICIOUS_MOVE = YES;
				CLANG_WARN_UNGUARDED_AVAILABILITY = YES_AGGRESSIVE;
				CLANG_WARN_UNREACHABLE_CODE = YES;
				CLANG_WARN__DUPLICATE_METHOD_MATCH = YES;
				COPY_PHASE_STRIP = NO;
				DEBUG_INFORMATION_FORMAT = dwarf;
				ENABLE_STRICT_OBJC_MSGSEND = YES;
				ENABLE_TESTABILITY = YES;
				GCC_C_LANGUAGE_STANDARD = gnu11;
				GCC_DYNAMIC_NO_PIC = NO;
				GCC_NO_COMMON_BLOCKS = YES;
				GCC_OPTIMIZATION_LEVEL = 0;
				GCC_PREPROCESSOR_DEFINITIONS = (
					"DEBUG=1",
					"$(inherited)",
				);
				GCC_WARN_64_TO_32_BIT_CONVERSION = YES;
				GCC_WARN_ABOUT_RETURN_TYPE = YES_ERROR;
				GCC_WARN_UNDECLARED_SELECTOR = YES;
				GCC_WARN_UNINITIALIZED_AUTOS = YES_AGGRESSIVE;
				GCC_WARN_UNUSED_FUNCTION = YES;
				GCC_WARN_UNUSED_VARIABLE = YES;
				IPHONEOS_DEPLOYMENT_TARGET = 16.4;
				MTL_ENABLE_DEBUG_INFO = INCLUDE_SOURCE;
				MTL_FAST_MATH = YES;
				ONLY_ACTIVE_ARCH = YES;
				SDKROOT = iphoneos;
				SWIFT_ACTIVE_COMPILATION_CONDITIONS = DEBUG;
				SWIFT_OPTIMIZATION_LEVEL = "-Onone";
			};
			name = Debug;
		};
		14D9F3AA2AF296D900E21776 /* Release */ = {
			isa = XCBuildConfiguration;
			buildSettings = {
				ALWAYS_SEARCH_USER_PATHS = NO;
				CLANG_ANALYZER_NONNULL = YES;
				CLANG_ANALYZER_NUMBER_OBJECT_CONVERSION = YES_AGGRESSIVE;
				CLANG_CXX_LANGUAGE_STANDARD = "gnu++20";
				CLANG_ENABLE_MODULES = YES;
				CLANG_ENABLE_OBJC_ARC = YES;
				CLANG_ENABLE_OBJC_WEAK = YES;
				CLANG_WARN_BLOCK_CAPTURE_AUTORELEASING = YES;
				CLANG_WARN_BOOL_CONVERSION = YES;
				CLANG_WARN_COMMA = YES;
				CLANG_WARN_CONSTANT_CONVERSION = YES;
				CLANG_WARN_DEPRECATED_OBJC_IMPLEMENTATIONS = YES;
				CLANG_WARN_DIRECT_OBJC_ISA_USAGE = YES_ERROR;
				CLANG_WARN_DOCUMENTATION_COMMENTS = YES;
				CLANG_WARN_EMPTY_BODY = YES;
				CLANG_WARN_ENUM_CONVERSION = YES;
				CLANG_WARN_INFINITE_RECURSION = YES;
				CLANG_WARN_INT_CONVERSION = YES;
				CLANG_WARN_NON_LITERAL_NULL_CONVERSION = YES;
				CLANG_WARN_OBJC_IMPLICIT_RETAIN_SELF = YES;
				CLANG_WARN_OBJC_LITERAL_CONVERSION = YES;
				CLANG_WARN_OBJC_ROOT_CLASS = YES_ERROR;
				CLANG_WARN_QUOTED_INCLUDE_IN_FRAMEWORK_HEADER = YES;
				CLANG_WARN_RANGE_LOOP_ANALYSIS = YES;
				CLANG_WARN_STRICT_PROTOTYPES = YES;
				CLANG_WARN_SUSPICIOUS_MOVE = YES;
				CLANG_WARN_UNGUARDED_AVAILABILITY = YES_AGGRESSIVE;
				CLANG_WARN_UNREACHABLE_CODE = YES;
				CLANG_WARN__DUPLICATE_METHOD_MATCH = YES;
				COPY_PHASE_STRIP = NO;
				DEBUG_INFORMATION_FORMAT = "dwarf-with-dsym";
				ENABLE_NS_ASSERTIONS = NO;
				ENABLE_STRICT_OBJC_MSGSEND = YES;
				GCC_C_LANGUAGE_STANDARD = gnu11;
				GCC_NO_COMMON_BLOCKS = YES;
				GCC_WARN_64_TO_32_BIT_CONVERSION = YES;
				GCC_WARN_ABOUT_RETURN_TYPE = YES_ERROR;
				GCC_WARN_UNDECLARED_SELECTOR = YES;
				GCC_WARN_UNINITIALIZED_AUTOS = YES_AGGRESSIVE;
				GCC_WARN_UNUSED_FUNCTION = YES;
				GCC_WARN_UNUSED_VARIABLE = YES;
				IPHONEOS_DEPLOYMENT_TARGET = 16.4;
				MTL_ENABLE_DEBUG_INFO = NO;
				MTL_FAST_MATH = YES;
				SDKROOT = iphoneos;
				SWIFT_COMPILATION_MODE = wholemodule;
				SWIFT_OPTIMIZATION_LEVEL = "-O";
				VALIDATE_PRODUCT = YES;
			};
			name = Release;
		};
		14D9F3AC2AF296D900E21776 /* Debug */ = {
			isa = XCBuildConfiguration;
			buildSettings = {
				ASSETCATALOG_COMPILER_APPICON_NAME = AppIcon;
				ASSETCATALOG_COMPILER_GLOBAL_ACCENT_COLOR_NAME = AccentColor;
				CODE_SIGN_STYLE = Automatic;
				CURRENT_PROJECT_VERSION = 1;
				DEVELOPMENT_TEAM = SZURQ69PCN;
				GENERATE_INFOPLIST_FILE = YES;
				INFOPLIST_FILE = ShoppingListProgramStajila/Info.plist;
				INFOPLIST_KEY_UIApplicationSupportsIndirectInputEvents = YES;
				INFOPLIST_KEY_UILaunchStoryboardName = LaunchScreen;
				INFOPLIST_KEY_UIMainStoryboardFile = Main;
				INFOPLIST_KEY_UISupportedInterfaceOrientations_iPad = "UIInterfaceOrientationPortrait UIInterfaceOrientationPortraitUpsideDown UIInterfaceOrientationLandscapeLeft UIInterfaceOrientationLandscapeRight";
				INFOPLIST_KEY_UISupportedInterfaceOrientations_iPhone = "UIInterfaceOrientationPortrait UIInterfaceOrientationLandscapeLeft UIInterfaceOrientationLandscapeRight";
				LD_RUNPATH_SEARCH_PATHS = (
					"$(inherited)",
					"@executable_path/Frameworks",
				);
				MARKETING_VERSION = 1.0;
				PRODUCT_BUNDLE_IDENTIFIER = clc.ShoppingListProgramStajila;
				PRODUCT_NAME = "$(TARGET_NAME)";
				SWIFT_EMIT_LOC_STRINGS = YES;
				SWIFT_VERSION = 5.0;
				TARGETED_DEVICE_FAMILY = "1,2";
			};
			name = Debug;
		};
		14D9F3AD2AF296D900E21776 /* Release */ = {
			isa = XCBuildConfiguration;
			buildSettings = {
				ASSETCATALOG_COMPILER_APPICON_NAME = AppIcon;
				ASSETCATALOG_COMPILER_GLOBAL_ACCENT_COLOR_NAME = AccentColor;
				CODE_SIGN_STYLE = Automatic;
				CURRENT_PROJECT_VERSION = 1;
				DEVELOPMENT_TEAM = SZURQ69PCN;
				GENERATE_INFOPLIST_FILE = YES;
				INFOPLIST_FILE = ShoppingListProgramStajila/Info.plist;
				INFOPLIST_KEY_UIApplicationSupportsIndirectInputEvents = YES;
				INFOPLIST_KEY_UILaunchStoryboardName = LaunchScreen;
				INFOPLIST_KEY_UIMainStoryboardFile = Main;
				INFOPLIST_KEY_UISupportedInterfaceOrientations_iPad = "UIInterfaceOrientationPortrait UIInterfaceOrientationPortraitUpsideDown UIInterfaceOrientationLandscapeLeft UIInterfaceOrientationLandscapeRight";
				INFOPLIST_KEY_UISupportedInterfaceOrientations_iPhone = "UIInterfaceOrientationPortrait UIInterfaceOrientationLandscapeLeft UIInterfaceOrientationLandscapeRight";
				LD_RUNPATH_SEARCH_PATHS = (
					"$(inherited)",
					"@executable_path/Frameworks",
				);
				MARKETING_VERSION = 1.0;
				PRODUCT_BUNDLE_IDENTIFIER = clc.ShoppingListProgramStajila;
				PRODUCT_NAME = "$(TARGET_NAME)";
				SWIFT_EMIT_LOC_STRINGS = YES;
				SWIFT_VERSION = 5.0;
				TARGETED_DEVICE_FAMILY = "1,2";
			};
			name = Release;
		};
		14D9F3AF2AF296D900E21776 /* Debug */ = {
			isa = XCBuildConfiguration;
			buildSettings = {
				ALWAYS_EMBED_SWIFT_STANDARD_LIBRARIES = YES;
				BUNDLE_LOADER = "$(TEST_HOST)";
				CODE_SIGN_STYLE = Automatic;
				CURRENT_PROJECT_VERSION = 1;
				DEVELOPMENT_TEAM = SZURQ69PCN;
				GENERATE_INFOPLIST_FILE = YES;
				IPHONEOS_DEPLOYMENT_TARGET = 16.4;
				MARKETING_VERSION = 1.0;
				PRODUCT_BUNDLE_IDENTIFIER = clc.ShoppingListProgramStajilaTests;
				PRODUCT_NAME = "$(TARGET_NAME)";
				SWIFT_EMIT_LOC_STRINGS = NO;
				SWIFT_VERSION = 5.0;
				TARGETED_DEVICE_FAMILY = "1,2";
				TEST_HOST = "$(BUILT_PRODUCTS_DIR)/ShoppingListProgramStajila.app/$(BUNDLE_EXECUTABLE_FOLDER_PATH)/ShoppingListProgramStajila";
			};
			name = Debug;
		};
		14D9F3B02AF296D900E21776 /* Release */ = {
			isa = XCBuildConfiguration;
			buildSettings = {
				ALWAYS_EMBED_SWIFT_STANDARD_LIBRARIES = YES;
				BUNDLE_LOADER = "$(TEST_HOST)";
				CODE_SIGN_STYLE = Automatic;
				CURRENT_PROJECT_VERSION = 1;
				DEVELOPMENT_TEAM = SZURQ69PCN;
				GENERATE_INFOPLIST_FILE = YES;
				IPHONEOS_DEPLOYMENT_TARGET = 16.4;
				MARKETING_VERSION = 1.0;
				PRODUCT_BUNDLE_IDENTIFIER = clc.ShoppingListProgramStajilaTests;
				PRODUCT_NAME = "$(TARGET_NAME)";
				SWIFT_EMIT_LOC_STRINGS = NO;
				SWIFT_VERSION = 5.0;
				TARGETED_DEVICE_FAMILY = "1,2";
				TEST_HOST = "$(BUILT_PRODUCTS_DIR)/ShoppingListProgramStajila.app/$(BUNDLE_EXECUTABLE_FOLDER_PATH)/ShoppingListProgramStajila";
			};
			name = Release;
		};
		14D9F3B22AF296D900E21776 /* Debug */ = {
			isa = XCBuildConfiguration;
			buildSettings = {
				ALWAYS_EMBED_SWIFT_STANDARD_LIBRARIES = YES;
				CODE_SIGN_STYLE = Automatic;
				CURRENT_PROJECT_VERSION = 1;
				DEVELOPMENT_TEAM = SZURQ69PCN;
				GENERATE_INFOPLIST_FILE = YES;
				MARKETING_VERSION = 1.0;
				PRODUCT_BUNDLE_IDENTIFIER = clc.ShoppingListProgramStajilaUITests;
				PRODUCT_NAME = "$(TARGET_NAME)";
				SWIFT_EMIT_LOC_STRINGS = NO;
				SWIFT_VERSION = 5.0;
				TARGETED_DEVICE_FAMILY = "1,2";
				TEST_TARGET_NAME = ShoppingListProgramStajila;
			};
			name = Debug;
		};
		14D9F3B32AF296D900E21776 /* Release */ = {
			isa = XCBuildConfiguration;
			buildSettings = {
				ALWAYS_EMBED_SWIFT_STANDARD_LIBRARIES = YES;
				CODE_SIGN_STYLE = Automatic;
				CURRENT_PROJECT_VERSION = 1;
				DEVELOPMENT_TEAM = SZURQ69PCN;
				GENERATE_INFOPLIST_FILE = YES;
				MARKETING_VERSION = 1.0;
				PRODUCT_BUNDLE_IDENTIFIER = clc.ShoppingListProgramStajilaUITests;
				PRODUCT_NAME = "$(TARGET_NAME)";
				SWIFT_EMIT_LOC_STRINGS = NO;
				SWIFT_VERSION = 5.0;
				TARGETED_DEVICE_FAMILY = "1,2";
				TEST_TARGET_NAME = ShoppingListProgramStajila;
			};
			name = Release;
		};
/* End XCBuildConfiguration section */

/* Begin XCConfigurationList section */
		14D9F3792AF296D700E21776 /* Build configuration list for PBXProject "ShoppingListProgramStajila" */ = {
			isa = XCConfigurationList;
			buildConfigurations = (
				14D9F3A92AF296D900E21776 /* Debug */,
				14D9F3AA2AF296D900E21776 /* Release */,
			);
			defaultConfigurationIsVisible = 0;
			defaultConfigurationName = Release;
		};
		14D9F3AB2AF296D900E21776 /* Build configuration list for PBXNativeTarget "ShoppingListProgramStajila" */ = {
			isa = XCConfigurationList;
			buildConfigurations = (
				14D9F3AC2AF296D900E21776 /* Debug */,
				14D9F3AD2AF296D900E21776 /* Release */,
			);
			defaultConfigurationIsVisible = 0;
			defaultConfigurationName = Release;
		};
		14D9F3AE2AF296D900E21776 /* Build configuration list for PBXNativeTarget "ShoppingListProgramStajilaTests" */ = {
			isa = XCConfigurationList;
			buildConfigurations = (
				14D9F3AF2AF296D900E21776 /* Debug */,
				14D9F3B02AF296D900E21776 /* Release */,
			);
			defaultConfigurationIsVisible = 0;
			defaultConfigurationName = Release;
		};
		14D9F3B12AF296D900E21776 /* Build configuration list for PBXNativeTarget "ShoppingListProgramStajilaUITests" */ = {
			isa = XCConfigurationList;
			buildConfigurations = (
				14D9F3B22AF296D900E21776 /* Debug */,
				14D9F3B32AF296D900E21776 /* Release */,
			);
			defaultConfigurationIsVisible = 0;
			defaultConfigurationName = Release;
		};
/* End XCConfigurationList section */

/* Begin XCVersionGroup section */
		14D9F38A2AF296D700E21776 /* ShoppingListProgramStajila.xcdatamodeld */ = {
			isa = XCVersionGroup;
			children = (
				14D9F38B2AF296D700E21776 /* ShoppingListProgramStajila.xcdatamodel */,
			);
			currentVersion = 14D9F38B2AF296D700E21776 /* ShoppingListProgramStajila.xcdatamodel */;
			path = ShoppingListProgramStajila.xcdatamodeld;
			sourceTree = "<group>";
			versionGroupType = wrapper.xcdatamodel;
		};
/* End XCVersionGroup section */
	};
	rootObject = 14D9F3762AF296D700E21776 /* Project object */;
}
